
Microsoft Visual Studio Solution File, Format Version 12.00
# Visual Studio 15
VisualStudioVersion = 15.0.28307.539
MinimumVisualStudioVersion = 10.0.40219.1
Project("{FAE04EC0-301F-11D3-BF4B-00C04F79EFBC}") = "WpfApp1", "WpfApp1\WpfApp1.csproj", "{F3814A6A-8F5B-43AA-974F-9335B1922A03}"
EndProject
Global
	GlobalSection(SolutionConfigurationPlatforms) = preSolution
		Debug|Any CPU = Debug|Any CPU
		Release|Any CPU = Release|Any CPU
	EndGlobalSection
	GlobalSection(ProjectConfigurationPlatforms) = postSolution
		{F3814A6A-8F5B-43AA-974F-9335B1922A03}.Debug|Any CPU.ActiveCfg = Debug|Any CPU
		{F3814A6A-8F5B-43AA-974F-9335B1922A03}.Debug|Any CPU.Build.0 = Debug|Any CPU
		{F3814A6A-8F5B-43AA-974F-9335B1922A03}.Release|Any CPU.ActiveCfg = Release|Any CPU
		{F3814A6A-8F5B-43AA-974F-9335B1922A03}.Release|Any CPU.Build.0 = Release|Any CPU
	EndGlobalSection
	GlobalSection(SolutionProperties) = preSolution
		HideSolutionNode = FALSE
	EndGlobalSection
	GlobalSection(ExtensibilityGlobals) = postSolution
		SolutionGuid = {114DFC4D-A86F-434B-9786-3D8CC187D6C5}
	EndGlobalSection
EndGlobal
